Microsoft Visual Studio Solution File, Format Version 12.00
# Visual Studio Version 17
VisualStudioVersion = 17.12.35514.174
MinimumVisualStudioVersion = 10.0.40219.1
Project("{FAE04EC0-301F-11D3-BF4B-00C04F79EFBC}") = "DVLD.Api", "src\DVLD.Api\DVLD.Api.csproj", "{8BDA045B-0333-45AA-9132-92E9E619E101}"
EndProject
Project("{FAE04EC0-301F-11D3-BF4B-00C04F79EFBC}") = "DVLD.Business", "src\DVLD.Business\DVLD.Business.csproj", "{EC894454-2E5D-4400-A595-A804734F6C22}"
EndProject
Project("{FAE04EC0-301F-11D3-BF4B-00C04F79EFBC}") = "DVLD.DataAccess", "src\DVLD.DataAccess\DVLD.DataAccess.csproj", "{46AA9FA8-4B87-4A32-8310-17BD39212B69}"
EndProject
Project("{FAE04EC0-301F-11D3-BF4B-00C04F79EFBC}") = "DVLD.Contracts", "src\DVLD.Contracts\DVLD.Contracts.csproj", "{A940EE45-7DAE-495D-8BE7-DF7C20F1A8FA}"
EndProject
Project("{FAE04EC0-301F-11D3-BF4B-00C04F79EFBC}") = "DVLD.Business.Tests", "tests\DVLD.Business.Tests\DVLD.Business.Tests.csproj", "{C02A04C0-C10A-4098-A3B2-F6CD3D73E005}"
EndProject
Project("{2150E333-8FDC-42A3-9474-1A3956D46DE8}") = "tests", "tests", "{FEB9E8D8-AE40-4D79-A1B2-97373F9FE8FC}"
EndProject
Project("{2150E333-8FDC-42A3-9474-1A3956D46DE8}") = "src", "src", "{2FDA7AB0-9771-43AB-BAFD-F0FA0F0576B1}"
EndProject
Project("{FAE04EC0-301F-11D3-BF4B-00C04F79EFBC}") = "DVLD.Api.Tests", "tests\DVLD.Api.Tests\DVLD.Api.Tests.csproj", "{2639911E-A9CE-4536-85B5-ACD7BD467F13}"
EndProject
Global
	GlobalSection(SolutionConfigurationPlatforms) = preSolution
		Debug|Any CPU = Debug|Any CPU
		Release|Any CPU = Release|Any CPU
	EndGlobalSection
	GlobalSection(ProjectConfigurationPlatforms) = postSolution
		{8BDA045B-0333-45AA-9132-92E9E619E101}.Debug|Any CPU.ActiveCfg = Debug|Any CPU
		{8BDA045B-0333-45AA-9132-92E9E619E101}.Debug|Any CPU.Build.0 = Debug|Any CPU
		{8BDA045B-0333-45AA-9132-92E9E619E101}.Release|Any CPU.ActiveCfg = Release|Any CPU
		{8BDA045B-0333-45AA-9132-92E9E619E101}.Release|Any CPU.Build.0 = Release|Any CPU
		{EC894454-2E5D-4400-A595-A804734F6C22}.Debug|Any CPU.ActiveCfg = Debug|Any CPU
		{EC894454-2E5D-4400-A595-A804734F6C22}.Debug|Any CPU.Build.0 = Debug|Any CPU
		{EC894454-2E5D-4400-A595-A804734F6C22}.Release|Any CPU.ActiveCfg = Release|Any CPU
		{EC894454-2E5D-4400-A595-A804734F6C22}.Release|Any CPU.Build.0 = Release|Any CPU
		{46AA9FA8-4B87-4A32-8310-17BD39212B69}.Debug|Any CPU.ActiveCfg = Debug|Any CPU
		{46AA9FA8-4B87-4A32-8310-17BD39212B69}.Debug|Any CPU.Build.0 = Debug|Any CPU
		{46AA9FA8-4B87-4A32-8310-17BD39212B69}.Release|Any CPU.ActiveCfg = Release|Any CPU
		{46AA9FA8-4B87-4A32-8310-17BD39212B69}.Release|Any CPU.Build.0 = Release|Any CPU
		{A940EE45-7DAE-495D-8BE7-DF7C20F1A8FA}.Debug|Any CPU.ActiveCfg = Debug|Any CPU
		{A940EE45-7DAE-495D-8BE7-DF7C20F1A8FA}.Debug|Any CPU.Build.0 = Debug|Any CPU
		{A940EE45-7DAE-495D-8BE7-DF7C20F1A8FA}.Release|Any CPU.ActiveCfg = Release|Any CPU
		{A940EE45-7DAE-495D-8BE7-DF7C20F1A8FA}.Release|Any CPU.Build.0 = Release|Any CPU
		{C02A04C0-C10A-4098-A3B2-F6CD3D73E005}.Debug|Any CPU.ActiveCfg = Debug|Any CPU
		{C02A04C0-C10A-4098-A3B2-F6CD3D73E005}.Debug|Any CPU.Build.0 = Debug|Any CPU
		{C02A04C0-C10A-4098-A3B2-F6CD3D73E005}.Release|Any CPU.ActiveCfg = Release|Any CPU
		{C02A04C0-C10A-4098-A3B2-F6CD3D73E005}.Release|Any CPU.Build.0 = Release|Any CPU
		{2639911E-A9CE-4536-85B5-ACD7BD467F13}.Debug|Any CPU.ActiveCfg = Debug|Any CPU
		{2639911E-A9CE-4536-85B5-ACD7BD467F13}.Debug|Any CPU.Build.0 = Debug|Any CPU
		{2639911E-A9CE-4536-85B5-ACD7BD467F13}.Release|Any CPU.ActiveCfg = Release|Any CPU
		{2639911E-A9CE-4536-85B5-ACD7BD467F13}.Release|Any CPU.Build.0 = Release|Any CPU
	EndGlobalSection
	GlobalSection(SolutionProperties) = preSolution
		HideSolutionNode = FALSE
	EndGlobalSection
	GlobalSection(NestedProjects) = preSolution
		{8BDA045B-0333-45AA-9132-92E9E619E101} = {2FDA7AB0-9771-43AB-BAFD-F0FA0F0576B1}
		{EC894454-2E5D-4400-A595-A804734F6C22} = {2FDA7AB0-9771-43AB-BAFD-F0FA0F0576B1}
		{46AA9FA8-4B87-4A32-8310-17BD39212B69} = {2FDA7AB0-9771-43AB-BAFD-F0FA0F0576B1}
		{A940EE45-7DAE-495D-8BE7-DF7C20F1A8FA} = {2FDA7AB0-9771-43AB-BAFD-F0FA0F0576B1}
		{C02A04C0-C10A-4098-A3B2-F6CD3D73E005} = {FEB9E8D8-AE40-4D79-A1B2-97373F9FE8FC}
		{2639911E-A9CE-4536-85B5-ACD7BD467F13} = {FEB9E8D8-AE40-4D79-A1B2-97373F9FE8FC}
	EndGlobalSection
EndGlobal
